
Microsoft Visual Studio Solution File, Format Version 12.00
# Visual Studio Version 16
VisualStudioVersion = 16.0.30523.141
MinimumVisualStudioVersion = 10.0.40219.1
Project("{FAE04EC0-301F-11D3-BF4B-00C04F79EFBC}") = "Legea lui Moore", "Legea lui Moore\Legea lui Moore.csproj", "{DA10D2CB-01DD-453A-AA26-6F471B14E08D}"
EndProject
Global
	GlobalSection(SolutionConfigurationPlatforms) = preSolution
		Debug|Any CPU = Debug|Any CPU
		Release|Any CPU = Release|Any CPU
	EndGlobalSection
	GlobalSection(ProjectConfigurationPlatforms) = postSolution
		{DA10D2CB-01DD-453A-AA26-6F471B14E08D}.Debug|Any CPU.ActiveCfg = Debug|Any CPU
		{DA10D2CB-01DD-453A-AA26-6F471B14E08D}.Debug|Any CPU.Build.0 = Debug|Any CPU
		{DA10D2CB-01DD-453A-AA26-6F471B14E08D}.Release|Any CPU.ActiveCfg = Release|Any CPU
		{DA10D2CB-01DD-453A-AA26-6F471B14E08D}.Release|Any CPU.Build.0 = Release|Any CPU
	EndGlobalSection
	GlobalSection(SolutionProperties) = preSolution
		HideSolutionNode = FALSE
	EndGlobalSection
	GlobalSection(ExtensibilityGlobals) = postSolution
		SolutionGuid = {B570A8B6-72A8-40F0-B5A0-E07C0D9BA9C8}
	EndGlobalSection
EndGlobal
